
Microsoft Visual Studio Solution File, Format Version 12.00
# Visual Studio 15
VisualStudioVersion = 15.0.27004.2010
MinimumVisualStudioVersion = 10.0.40219.1
Project("{FAE04EC0-301F-11D3-BF4B-00C04F79EFBC}") = "IS-HeMart", "IS-HeMart\IS-HeMart.csproj", "{6C99C469-25A2-4FA3-8DC1-D7CD20FA88F0}"
EndProject
Project("{2150E333-8FDC-42A3-9474-1A3956D46DE8}") = "Solution Items", "Solution Items", "{9035E36A-AB0B-4380-9979-823A794FE613}"
	ProjectSection(SolutionItems) = preProject
		insert poistovna faktura.sql = insert poistovna faktura.sql
		insert zamestnanec.sql = insert zamestnanec.sql
		insert zoznamliekov.sql = insert zoznamliekov.sql
		insert zoznamukonov.sql = insert zoznamukonov.sql
		lieky.xls = lieky.xls
		script.sql = script.sql
		tabulky.docx = tabulky.docx
		ukony.xls = ukony.xls
	EndProjectSection
EndProject
Global
	GlobalSection(SolutionConfigurationPlatforms) = preSolution
		Debug|Any CPU = Debug|Any CPU
		DebugLocal|Any CPU = DebugLocal|Any CPU
		Release|Any CPU = Release|Any CPU
	EndGlobalSection
	GlobalSection(ProjectConfigurationPlatforms) = postSolution
		{6C99C469-25A2-4FA3-8DC1-D7CD20FA88F0}.Debug|Any CPU.ActiveCfg = Debug|Any CPU
		{6C99C469-25A2-4FA3-8DC1-D7CD20FA88F0}.Debug|Any CPU.Build.0 = Debug|Any CPU
		{6C99C469-25A2-4FA3-8DC1-D7CD20FA88F0}.DebugLocal|Any CPU.ActiveCfg = Debug|Any CPU
		{6C99C469-25A2-4FA3-8DC1-D7CD20FA88F0}.DebugLocal|Any CPU.Build.0 = Debug|Any CPU
		{6C99C469-25A2-4FA3-8DC1-D7CD20FA88F0}.Release|Any CPU.ActiveCfg = Release|Any CPU
		{6C99C469-25A2-4FA3-8DC1-D7CD20FA88F0}.Release|Any CPU.Build.0 = Release|Any CPU
	EndGlobalSection
	GlobalSection(SolutionProperties) = preSolution
		HideSolutionNode = FALSE
	EndGlobalSection
	GlobalSection(ExtensibilityGlobals) = postSolution
		SolutionGuid = {83DA8B59-C7A5-4662-8E62-46208C55F8CE}
	EndGlobalSection
EndGlobal
